
Microsoft Visual Studio Solution File, Format Version 12.00
# Visual Studio 2012
Project("{FAE04EC0-301F-11D3-BF4B-00C04F79EFBC}") = "LINQ-Number-1", "LINQ-Number-1\LINQ-Number-1.csproj", "{CA662BE0-597A-4B8D-BD6C-743ACCD2FAC7}"
EndProject
Global
	GlobalSection(SolutionConfigurationPlatforms) = preSolution
		Debug|Any CPU = Debug|Any CPU
		Release|Any CPU = Release|Any CPU
	EndGlobalSection
	GlobalSection(ProjectConfigurationPlatforms) = postSolution
		{CA662BE0-597A-4B8D-BD6C-743ACCD2FAC7}.Debug|Any CPU.ActiveCfg = Debug|Any CPU
		{CA662BE0-597A-4B8D-BD6C-743ACCD2FAC7}.Debug|Any CPU.Build.0 = Debug|Any CPU
		{CA662BE0-597A-4B8D-BD6C-743ACCD2FAC7}.Release|Any CPU.ActiveCfg = Release|Any CPU
		{CA662BE0-597A-4B8D-BD6C-743ACCD2FAC7}.Release|Any CPU.Build.0 = Release|Any CPU
	EndGlobalSection
	GlobalSection(SolutionProperties) = preSolution
		HideSolutionNode = FALSE
	EndGlobalSection
EndGlobal
